PODS:
  - Bolts/Tasks (1.7.0)
  - Crashlytics (3.7.1):
    - Fabric (~> 1.6.3)
  - Fabric (1.6.7)
  - FSCalendar (2.1.1)
  - Parse (1.13.0):
    - Bolts/Tasks (~> 1.6)

DEPENDENCIES:
  - Crashlytics
  - Fabric
  - FSCalendar
  - Parse

SPEC CHECKSUMS:
  Bolts: a0058fa3b331c5a1e4402d534f2dae36dbff31e4
  Crashlytics: 3cdd4c9655be68032a0cf0379e0fb5ef6af22cad
  Fabric: caf7580c725e64db144f610ac65cd60956911dc7
  FSCalendar: 04dc531f06fbde8a8e5b7394e9d4edebd45a591f
  Parse: f51c24d2feb412e4b2d6cc73d37cb24e8d0089bc

PODFILE CHECKSUM: 6011ac5f558cafb845f90748a109693e355d8170

COCOAPODS: 1.0.1
