// !$*UTF8*$!
{
	archiveVersion = 1;
	classes = {
	};
	objectVersion = 46;
	objects = {

/* Begin PBXBuildFile section */
		180D63621CF8B07F00AAD93A /* ANProjectDetailsViewController.swift in Sources */ = {isa = PBXBuildFile; fileRef = 180D63611CF8B07F00AAD93A /* ANProjectDetailsViewController.swift */; };
		180D63681CF9F84000AAD93A /* ANPersonCell.swift in Sources */ = {isa = PBXBuildFile; fileRef = 180D63671CF9F84000AAD93A /* ANPersonCell.swift */; };
		18248E091D073CD900162633 /* ANFinishedProjetsViewController.swift in Sources */ = {isa = PBXBuildFile; fileRef = 18248E081D073CD900162633 /* ANFinishedProjetsViewController.swift */; };
		1829883A1CE4FA9D00BC5272 /* AppDelegate.swift in Sources */ = {isa = PBXBuildFile; fileRef = 182988391CE4FA9D00BC5272 /* AppDelegate.swift */; };
		1829883F1CE4FA9D00BC5272 /* Main.storyboard in Resources */ = {isa = PBXBuildFile; fileRef = 1829883D1CE4FA9D00BC5272 /* Main.storyboard */; };
		182988411CE4FA9D00BC5272 /* Assets.xcassets in Resources */ = {isa = PBXBuildFile; fileRef = 182988401CE4FA9D00BC5272 /* Assets.xcassets */; };
		182988441CE4FA9D00BC5272 /* LaunchScreen.storyboard in Resources */ = {isa = PBXBuildFile; fileRef = 182988421CE4FA9D00BC5272 /* LaunchScreen.storyboard */; };
		1829884D1CE4FB9400BC5272 /* Model.xcdatamodeld in Sources */ = {isa = PBXBuildFile; fileRef = 1829884B1CE4FB9400BC5272 /* Model.xcdatamodeld */; };
		182988701CE4FF7F00BC5272 /* ANDataManager.swift in Sources */ = {isa = PBXBuildFile; fileRef = 1829886F1CE4FF7F00BC5272 /* ANDataManager.swift */; };
		182988721CE502BF00BC5272 /* ANPeopleViewController.swift in Sources */ = {isa = PBXBuildFile; fileRef = 182988711CE502BF00BC5272 /* ANPeopleViewController.swift */; };
		1829887E1CE5167B00BC5272 /* ANTableViewFetchedResultsDelegate.swift in Sources */ = {isa = PBXBuildFile; fileRef = 1829887D1CE5167B00BC5272 /* ANTableViewFetchedResultsDelegate.swift */; };
		182988801CE516D000BC5272 /* ANTableViewFetchedResultsDisplayer.swift in Sources */ = {isa = PBXBuildFile; fileRef = 1829887F1CE516D000BC5272 /* ANTableViewFetchedResultsDisplayer.swift */; };
		182988821CE6743600BC5272 /* ANPersonDetailsViewController.swift in Sources */ = {isa = PBXBuildFile; fileRef = 182988811CE6743600BC5272 /* ANPersonDetailsViewController.swift */; };
		182988841CE733D600BC5272 /* ANPersonInfoCell.swift in Sources */ = {isa = PBXBuildFile; fileRef = 182988831CE733D600BC5272 /* ANPersonInfoCell.swift */; };
		182988861CE7347800BC5272 /* ANPersonProjectCell.swift in Sources */ = {isa = PBXBuildFile; fileRef = 182988851CE7347800BC5272 /* ANPersonProjectCell.swift */; };
		1829888D1CE7547300BC5272 /* ANProjectsViewController.swift in Sources */ = {isa = PBXBuildFile; fileRef = 1829888C1CE7547300BC5272 /* ANProjectsViewController.swift */; };
		182988911CE76B5E00BC5272 /* ANProjectInfoTextCell.swift in Sources */ = {isa = PBXBuildFile; fileRef = 182988901CE76B5E00BC5272 /* ANProjectInfoTextCell.swift */; };
		182988931CE76B7000BC5272 /* ANProjectInfoProgressCell.swift in Sources */ = {isa = PBXBuildFile; fileRef = 182988921CE76B7000BC5272 /* ANProjectInfoProgressCell.swift */; };
		182988951CE76B7B00BC5272 /* ANProjectInfoStateCell.swift in Sources */ = {isa = PBXBuildFile; fileRef = 182988941CE76B7B00BC5272 /* ANProjectInfoStateCell.swift */; };
		18394D651DEB0527005367F3 /* Person+CoreDataClass.swift in Sources */ = {isa = PBXBuildFile; fileRef = 18394D611DEB0527005367F3 /* Person+CoreDataClass.swift */; };
		18394D661DEB0527005367F3 /* Person+CoreDataProperties.swift in Sources */ = {isa = PBXBuildFile; fileRef = 18394D621DEB0527005367F3 /* Person+CoreDataProperties.swift */; };
		18394D671DEB0527005367F3 /* Project+CoreDataClass.swift in Sources */ = {isa = PBXBuildFile; fileRef = 18394D631DEB0527005367F3 /* Project+CoreDataClass.swift */; };
		18394D681DEB0527005367F3 /* Project+CoreDataProperties.swift in Sources */ = {isa = PBXBuildFile; fileRef = 18394D641DEB0527005367F3 /* Project+CoreDataProperties.swift */; };
		184898511CF4B4AA00EA2EC5 /* ANNewProjectTableViewController.swift in Sources */ = {isa = PBXBuildFile; fileRef = 184898501CF4B4AA00EA2EC5 /* ANNewProjectTableViewController.swift */; };
		184898531CF60B8500EA2EC5 /* ANAddPersonViewController.swift in Sources */ = {isa = PBXBuildFile; fileRef = 184898521CF60B8500EA2EC5 /* ANAddPersonViewController.swift */; };
		184898551CF619B500EA2EC5 /* ANPersonAddProjectCell.swift in Sources */ = {isa = PBXBuildFile; fileRef = 184898541CF619B500EA2EC5 /* ANPersonAddProjectCell.swift */; };
		184898571CF61F8E00EA2EC5 /* ANProjectSelectionViewController.swift in Sources */ = {isa = PBXBuildFile; fileRef = 184898561CF61F8E00EA2EC5 /* ANProjectSelectionViewController.swift */; };
		184F5FC61CF76878004DB11D /* ANEditProjectTableViewController.swift in Sources */ = {isa = PBXBuildFile; fileRef = 184F5FC51CF76878004DB11D /* ANEditProjectTableViewController.swift */; };
		184F5FC81CF789F6004DB11D /* ANPeopleSelectionViewController.swift in Sources */ = {isa = PBXBuildFile; fileRef = 184F5FC71CF789F6004DB11D /* ANPeopleSelectionViewController.swift */; };
		185B0B7A1CFE112C002E8AA8 /* ANConfigurator.swift in Sources */ = {isa = PBXBuildFile; fileRef = 185B0B791CFE112C002E8AA8 /* ANConfigurator.swift */; };
		185B0B7C1CFF3C83002E8AA8 /* ANProjectAddPersonCell.swift in Sources */ = {isa = PBXBuildFile; fileRef = 185B0B7B1CFF3C83002E8AA8 /* ANProjectAddPersonCell.swift */; };
		185B0B7E1CFF3E05002E8AA8 /* ANAnimator.swift in Sources */ = {isa = PBXBuildFile; fileRef = 185B0B7D1CFF3E05002E8AA8 /* ANAnimator.swift */; };
		185B0BA51CFF6E71002E8AA8 /* ANCalendarViewController.swift in Sources */ = {isa = PBXBuildFile; fileRef = 185B0BA41CFF6E70002E8AA8 /* ANCalendarViewController.swift */; };
		186B7C8E1D02EF6900C039C0 /* SweetAlert.swift in Sources */ = {isa = PBXBuildFile; fileRef = 186B7C8D1D02EF6900C039C0 /* SweetAlert.swift */; };
		186B7C901D0319AA00C039C0 /* ANLoginViewController.swift in Sources */ = {isa = PBXBuildFile; fileRef = 186B7C8F1D0319AA00C039C0 /* ANLoginViewController.swift */; };
		186B7C921D031F1300C039C0 /* ANSignUpViewController.swift in Sources */ = {isa = PBXBuildFile; fileRef = 186B7C911D031F1300C039C0 /* ANSignUpViewController.swift */; };
		186B7C951D03267900C039C0 /* ANUsersViewController.swift in Sources */ = {isa = PBXBuildFile; fileRef = 186B7C941D03267900C039C0 /* ANUsersViewController.swift */; };
		186B7CA11D03404B00C039C0 /* ANChatViewController.swift in Sources */ = {isa = PBXBuildFile; fileRef = 186B7CA01D03404B00C039C0 /* ANChatViewController.swift */; };
		186B7CA31D042D3500C039C0 /* ANPhotoAddingViewController.swift in Sources */ = {isa = PBXBuildFile; fileRef = 186B7CA21D042D3400C039C0 /* ANPhotoAddingViewController.swift */; };
		186B7CA51D0452E500C039C0 /* ANGroupInfoViewController.swift in Sources */ = {isa = PBXBuildFile; fileRef = 186B7CA41D0452E500C039C0 /* ANGroupInfoViewController.swift */; };
		18D5B7CD1D0D4CF500CB5B01 /* Localizable.strings in Resources */ = {isa = PBXBuildFile; fileRef = 18D5B7CF1D0D4CF500CB5B01 /* Localizable.strings */; };
		18E032961D00BD7F004E6371 /* ANProjectsForDateViewController.swift in Sources */ = {isa = PBXBuildFile; fileRef = 18E032951D00BD7F004E6371 /* ANProjectsForDateViewController.swift */; };
		18E9818A1CFAE535002C390D /* ANTextFieldsChecker.swift in Sources */ = {isa = PBXBuildFile; fileRef = 18E981891CFAE535002C390D /* ANTextFieldsChecker.swift */; };
		8FF50206C970CBDDF21EBDD9 /* Pods_Processus.framework in Frameworks */ = {isa = PBXBuildFile; fileRef = FB53BAB9EB5F6FFE884C7DE5 /* Pods_Processus.framework */; };
/* End PBXBuildFile section */

/* Begin PBXFileReference section */
		180D63611CF8B07F00AAD93A /* ANProjectDetailsViewController.swift */ = {isa = PBXFileReference; fileEncoding = 4; lastKnownFileType = sourcecode.swift; path = ANProjectDetailsViewController.swift; sourceTree = "<group>"; };
		180D63671CF9F84000AAD93A /* ANPersonCell.swift */ = {isa = PBXFileReference; fileEncoding = 4; lastKnownFileType = sourcecode.swift; path = ANPersonCell.swift; sourceTree = "<group>"; };
		18248E081D073CD900162633 /* ANFinishedProjetsViewController.swift */ = {isa = PBXFileReference; fileEncoding = 4; lastKnownFileType = sourcecode.swift; path = ANFinishedProjetsViewController.swift; sourceTree = "<group>"; };
		182988361CE4FA9D00BC5272 /* Processus.app */ = {isa = PBXFileReference; explicitFileType = wrapper.application; includeInIndex = 0; path = Processus.app; sourceTree = BUILT_PRODUCTS_DIR; };
		182988391CE4FA9D00BC5272 /* AppDelegate.swift */ = {isa = PBXFileReference; lastKnownFileType = sourcecode.swift; path = AppDelegate.swift; sourceTree = "<group>"; };
		1829883E1CE4FA9D00BC5272 /* Base */ = {isa = PBXFileReference; lastKnownFileType = file.storyboard; name = Base; path = Base.lproj/Main.storyboard; sourceTree = "<group>"; };
		182988401CE4FA9D00BC5272 /* Assets.xcassets */ = {isa = PBXFileReference; lastKnownFileType = folder.assetcatalog; path = Assets.xcassets; sourceTree = "<group>"; };
		182988431CE4FA9D00BC5272 /* Base */ = {isa = PBXFileReference; lastKnownFileType = file.storyboard; name = Base; path = Base.lproj/LaunchScreen.storyboard; sourceTree = "<group>"; };
		182988451CE4FA9D00BC5272 /* Info.plist */ = {isa = PBXFileReference; lastKnownFileType = text.plist.xml; path = Info.plist; sourceTree = "<group>"; };
		1829884C1CE4FB9400BC5272 /* Model.xcdatamodel */ = {isa = PBXFileReference; lastKnownFileType = wrapper.xcdatamodel; path = Model.xcdatamodel; sourceTree = "<group>"; };
		1829886F1CE4FF7F00BC5272 /* ANDataManager.swift */ = {isa = PBXFileReference; fileEncoding = 4; lastKnownFileType = sourcecode.swift; path = ANDataManager.swift; sourceTree = "<group>"; };
		182988711CE502BF00BC5272 /* ANPeopleViewController.swift */ = {isa = PBXFileReference; fileEncoding = 4; lastKnownFileType = sourcecode.swift; name = ANPeopleViewController.swift; path = ../ANPeopleViewController.swift; sourceTree = "<group>"; };
		1829887D1CE5167B00BC5272 /* ANTableViewFetchedResultsDelegate.swift */ = {isa = PBXFileReference; fileEncoding = 4; lastKnownFileType = sourcecode.swift; path = ANTableViewFetchedResultsDelegate.swift; sourceTree = "<group>"; };
		1829887F1CE516D000BC5272 /* ANTableViewFetchedResultsDisplayer.swift */ = {isa = PBXFileReference; fileEncoding = 4; lastKnownFileType = sourcecode.swift; path = ANTableViewFetchedResultsDisplayer.swift; sourceTree = "<group>"; };
		182988811CE6743600BC5272 /* ANPersonDetailsViewController.swift */ = {isa = PBXFileReference; fileEncoding = 4; lastKnownFileType = sourcecode.swift; path = ANPersonDetailsViewController.swift; sourceTree = "<group>"; };
		182988831CE733D600BC5272 /* ANPersonInfoCell.swift */ = {isa = PBXFileReference; fileEncoding = 4; lastKnownFileType = sourcecode.swift; path = ANPersonInfoCell.swift; sourceTree = "<group>"; };
		182988851CE7347800BC5272 /* ANPersonProjectCell.swift */ = {isa = PBXFileReference; fileEncoding = 4; lastKnownFileType = sourcecode.swift; path = ANPersonProjectCell.swift; sourceTree = "<group>"; };
		1829888C1CE7547300BC5272 /* ANProjectsViewController.swift */ = {isa = PBXFileReference; fileEncoding = 4; lastKnownFileType = sourcecode.swift; path = ANProjectsViewController.swift; sourceTree = "<group>"; };
		182988901CE76B5E00BC5272 /* ANProjectInfoTextCell.swift */ = {isa = PBXFileReference; fileEncoding = 4; lastKnownFileType = sourcecode.swift; path = ANProjectInfoTextCell.swift; sourceTree = "<group>"; };
		182988921CE76B7000BC5272 /* ANProjectInfoProgressCell.swift */ = {isa = PBXFileReference; fileEncoding = 4; lastKnownFileType = sourcecode.swift; path = ANProjectInfoProgressCell.swift; sourceTree = "<group>"; };
		182988941CE76B7B00BC5272 /* ANProjectInfoStateCell.swift */ = {isa = PBXFileReference; fileEncoding = 4; lastKnownFileType = sourcecode.swift; path = ANProjectInfoStateCell.swift; sourceTree = "<group>"; };
		18394D611DEB0527005367F3 /* Person+CoreDataClass.swift */ = {isa = PBXFileReference; fileEncoding = 4; lastKnownFileType = sourcecode.swift; name = "Person+CoreDataClass.swift"; path = "../Person+CoreDataClass.swift"; sourceTree = "<group>"; };
		18394D621DEB0527005367F3 /* Person+CoreDataProperties.swift */ = {isa = PBXFileReference; fileEncoding = 4; lastKnownFileType = sourcecode.swift; name = "Person+CoreDataProperties.swift"; path = "../Person+CoreDataProperties.swift"; sourceTree = "<group>"; };
		18394D631DEB0527005367F3 /* Project+CoreDataClass.swift */ = {isa = PBXFileReference; fileEncoding = 4; lastKnownFileType = sourcecode.swift; name = "Project+CoreDataClass.swift"; path = "../Project+CoreDataClass.swift"; sourceTree = "<group>"; };
		18394D641DEB0527005367F3 /* Project+CoreDataProperties.swift */ = {isa = PBXFileReference; fileEncoding = 4; lastKnownFileType = sourcecode.swift; name = "Project+CoreDataProperties.swift"; path = "../Project+CoreDataProperties.swift"; sourceTree = "<group>"; };
		184898501CF4B4AA00EA2EC5 /* ANNewProjectTableViewController.swift */ = {isa = PBXFileReference; fileEncoding = 4; lastKnownFileType = sourcecode.swift; path = ANNewProjectTableViewController.swift; sourceTree = "<group>"; };
		184898521CF60B8500EA2EC5 /* ANAddPersonViewController.swift */ = {isa = PBXFileReference; fileEncoding = 4; lastKnownFileType = sourcecode.swift; path = ANAddPersonViewController.swift; sourceTree = "<group>"; };
		184898541CF619B500EA2EC5 /* ANPersonAddProjectCell.swift */ = {isa = PBXFileReference; fileEncoding = 4; lastKnownFileType = sourcecode.swift; path = ANPersonAddProjectCell.swift; sourceTree = "<group>"; };
		184898561CF61F8E00EA2EC5 /* ANProjectSelectionViewController.swift */ = {isa = PBXFileReference; fileEncoding = 4; lastKnownFileType = sourcecode.swift; path = ANProjectSelectionViewController.swift; sourceTree = "<group>"; };
		184F5FC51CF76878004DB11D /* ANEditProjectTableViewController.swift */ = {isa = PBXFileReference; fileEncoding = 4; lastKnownFileType = sourcecode.swift; path = ANEditProjectTableViewController.swift; sourceTree = "<group>"; };
		184F5FC71CF789F6004DB11D /* ANPeopleSelectionViewController.swift */ = {isa = PBXFileReference; fileEncoding = 4; lastKnownFileType = sourcecode.swift; path = ANPeopleSelectionViewController.swift; sourceTree = "<group>"; };
		185B0B791CFE112C002E8AA8 /* ANConfigurator.swift */ = {isa = PBXFileReference; fileEncoding = 4; lastKnownFileType = sourcecode.swift; path = ANConfigurator.swift; sourceTree = "<group>"; };
		185B0B7B1CFF3C83002E8AA8 /* ANProjectAddPersonCell.swift */ = {isa = PBXFileReference; fileEncoding = 4; lastKnownFileType = sourcecode.swift; path = ANProjectAddPersonCell.swift; sourceTree = "<group>"; };
		185B0B7D1CFF3E05002E8AA8 /* ANAnimator.swift */ = {isa = PBXFileReference; fileEncoding = 4; lastKnownFileType = sourcecode.swift; path = ANAnimator.swift; sourceTree = "<group>"; };
		185B0BA41CFF6E70002E8AA8 /* ANCalendarViewController.swift */ = {isa = PBXFileReference; fileEncoding = 4; lastKnownFileType = sourcecode.swift; path = ANCalendarViewController.swift; sourceTree = "<group>"; };
		186B7C8D1D02EF6900C039C0 /* SweetAlert.swift */ = {isa = PBXFileReference; fileEncoding = 4; lastKnownFileType = sourcecode.swift; path = SweetAlert.swift; sourceTree = "<group>"; };
		186B7C8F1D0319AA00C039C0 /* ANLoginViewController.swift */ = {isa = PBXFileReference; fileEncoding = 4; lastKnownFileType = sourcecode.swift; path = ANLoginViewController.swift; sourceTree = "<group>"; };
		186B7C911D031F1300C039C0 /* ANSignUpViewController.swift */ = {isa = PBXFileReference; fileEncoding = 4; lastKnownFileType = sourcecode.swift; path = ANSignUpViewController.swift; sourceTree = "<group>"; };
		186B7C941D03267900C039C0 /* ANUsersViewController.swift */ = {isa = PBXFileReference; fileEncoding = 4; lastKnownFileType = sourcecode.swift; path = ANUsersViewController.swift; sourceTree = "<group>"; };
		186B7CA01D03404B00C039C0 /* ANChatViewController.swift */ = {isa = PBXFileReference; fileEncoding = 4; lastKnownFileType = sourcecode.swift; path = ANChatViewController.swift; sourceTree = "<group>"; };
		186B7CA21D042D3400C039C0 /* ANPhotoAddingViewController.swift */ = {isa = PBXFileReference; fileEncoding = 4; lastKnownFileType = sourcecode.swift; path = ANPhotoAddingViewController.swift; sourceTree = "<group>"; };
		186B7CA41D0452E500C039C0 /* ANGroupInfoViewController.swift */ = {isa = PBXFileReference; fileEncoding = 4; lastKnownFileType = sourcecode.swift; path = ANGroupInfoViewController.swift; sourceTree = "<group>"; };
		18D5B7CB1D0D449200CB5B01 /* ru */ = {isa = PBXFileReference; lastKnownFileType = text.plist.strings; name = ru; path = ru.lproj/Main.strings; sourceTree = "<group>"; };
		18D5B7CE1D0D4CF500CB5B01 /* ru */ = {isa = PBXFileReference; lastKnownFileType = text.plist.strings; name = ru; path = ru.lproj/Localizable.strings; sourceTree = "<group>"; };
		18D5B7D21D0D4D8000CB5B01 /* en */ = {isa = PBXFileReference; lastKnownFileType = text.plist.strings; name = en; path = en.lproj/Localizable.strings; sourceTree = "<group>"; };
		18E032951D00BD7F004E6371 /* ANProjectsForDateViewController.swift */ = {isa = PBXFileReference; fileEncoding = 4; lastKnownFileType = sourcecode.swift; path = ANProjectsForDateViewController.swift; sourceTree = "<group>"; };
		18E981891CFAE535002C390D /* ANTextFieldsChecker.swift */ = {isa = PBXFileReference; fileEncoding = 4; lastKnownFileType = sourcecode.swift; path = ANTextFieldsChecker.swift; sourceTree = "<group>"; };
		4B6220E0DF4F1853631F8E9B /* Pods-Processus.debug.xcconfig */ = {isa = PBXFileReference; includeInIndex = 1; lastKnownFileType = text.xcconfig; name = "Pods-Processus.debug.xcconfig"; path = "Pods/Target Support Files/Pods-Processus/Pods-Processus.debug.xcconfig"; sourceTree = "<group>"; };
		73A8B6E5BE6165A0BA4FF65F /* Pods-Processus.release.xcconfig */ = {isa = PBXFileReference; includeInIndex = 1; lastKnownFileType = text.xcconfig; name = "Pods-Processus.release.xcconfig"; path = "Pods/Target Support Files/Pods-Processus/Pods-Processus.release.xcconfig"; sourceTree = "<group>"; };
		FB53BAB9EB5F6FFE884C7DE5 /* Pods_Processus.framework */ = {isa = PBXFileReference; explicitFileType = wrapper.framework; includeInIndex = 0; path = Pods_Processus.framework; sourceTree = BUILT_PRODUCTS_DIR; };
/* End PBXFileReference section */

/* Begin PBXFrameworksBuildPhase section */
		182988331CE4FA9D00BC5272 /* Frameworks */ = {
			isa = PBXFrameworksBuildPhase;
			buildActionMask = 2147483647;
			files = (
				8FF50206C970CBDDF21EBDD9 /* Pods_Processus.framework in Frameworks */,
			);
			runOnlyForDeploymentPostprocessing = 0;
		};
/* End PBXFrameworksBuildPhase section */

/* Begin PBXGroup section */
		03703A2B664B33C90A43854D /* Frameworks */ = {
			isa = PBXGroup;
			children = (
				186B7C8D1D02EF6900C039C0 /* SweetAlert.swift */,
				FB53BAB9EB5F6FFE884C7DE5 /* Pods_Processus.framework */,
			);
			name = Frameworks;
			sourceTree = "<group>";
		};
		180D635F1CF8AE1000AAD93A /* Person Branch */ = {
			isa = PBXGroup;
			children = (
				182988711CE502BF00BC5272 /* ANPeopleViewController.swift */,
				182988811CE6743600BC5272 /* ANPersonDetailsViewController.swift */,
				184898521CF60B8500EA2EC5 /* ANAddPersonViewController.swift */,
				184898561CF61F8E00EA2EC5 /* ANProjectSelectionViewController.swift */,
			);
			name = "Person Branch";
			sourceTree = "<group>";
		};
		180D63601CF8AE1600AAD93A /* Project Branch */ = {
			isa = PBXGroup;
			children = (
				1829888C1CE7547300BC5272 /* ANProjectsViewController.swift */,
				18248E081D073CD900162633 /* ANFinishedProjetsViewController.swift */,
				180D63611CF8B07F00AAD93A /* ANProjectDetailsViewController.swift */,
				184898501CF4B4AA00EA2EC5 /* ANNewProjectTableViewController.swift */,
				184F5FC51CF76878004DB11D /* ANEditProjectTableViewController.swift */,
				184F5FC71CF789F6004DB11D /* ANPeopleSelectionViewController.swift */,
			);
			name = "Project Branch";
			sourceTree = "<group>";
		};
		1829882D1CE4FA9D00BC5272 = {
			isa = PBXGroup;
			children = (
				182988381CE4FA9D00BC5272 /* Processus */,
				182988371CE4FA9D00BC5272 /* Products */,
				C37C72206AD985304BFE68A2 /* Pods */,
				03703A2B664B33C90A43854D /* Frameworks */,
			);
			sourceTree = "<group>";
		};
		182988371CE4FA9D00BC5272 /* Products */ = {
			isa = PBXGroup;
			children = (
				182988361CE4FA9D00BC5272 /* Processus.app */,
			);
			name = Products;
			sourceTree = "<group>";
		};
		182988381CE4FA9D00BC5272 /* Processus */ = {
			isa = PBXGroup;
			children = (
				18E9818B1CFAE7EC002C390D /* Utils */,
				1829887B1CE5053800BC5272 /* CoreData */,
				1829888A1CE751B700BC5272 /* Controllers */,
				1829888B1CE751BF00BC5272 /* Cells */,
				182988391CE4FA9D00BC5272 /* AppDelegate.swift */,
				1829883D1CE4FA9D00BC5272 /* Main.storyboard */,
				182988401CE4FA9D00BC5272 /* Assets.xcassets */,
				1829884B1CE4FB9400BC5272 /* Model.xcdatamodeld */,
				182988421CE4FA9D00BC5272 /* LaunchScreen.storyboard */,
				182988451CE4FA9D00BC5272 /* Info.plist */,
			);
			path = Processus;
			sourceTree = "<group>";
		};
		1829887B1CE5053800BC5272 /* CoreData */ = {
			isa = PBXGroup;
			children = (
				182988871CE7351D00BC5272 /* Delegates&Protocols */,
				1829887C1CE5128800BC5272 /* Model */,
				1829886F1CE4FF7F00BC5272 /* ANDataManager.swift */,
			);
			name = CoreData;
			sourceTree = "<group>";
		};
		1829887C1CE5128800BC5272 /* Model */ = {
			isa = PBXGroup;
			children = (
				18394D691DEB054C005367F3 /* Generated */,
				18394D611DEB0527005367F3 /* Person+CoreDataClass.swift */,
				18394D631DEB0527005367F3 /* Project+CoreDataClass.swift */,
			);
			name = Model;
			sourceTree = "<group>";
		};
		182988871CE7351D00BC5272 /* Delegates&Protocols */ = {
			isa = PBXGroup;
			children = (
				1829887D1CE5167B00BC5272 /* ANTableViewFetchedResultsDelegate.swift */,
				1829887F1CE516D000BC5272 /* ANTableViewFetchedResultsDisplayer.swift */,
			);
			name = "Delegates&Protocols";
			sourceTree = "<group>";
		};
		1829888A1CE751B700BC5272 /* Controllers */ = {
			isa = PBXGroup;
			children = (
				180D635F1CF8AE1000AAD93A /* Person Branch */,
				180D63601CF8AE1600AAD93A /* Project Branch */,
				18E032941D00BD65004E6371 /* Calendar Branch */,
				186B7C931D03266400C039C0 /* Chats feauture */,
				186B7CA21D042D3400C039C0 /* ANPhotoAddingViewController.swift */,
			);
			name = Controllers;
			sourceTree = "<group>";
		};
		1829888B1CE751BF00BC5272 /* Cells */ = {
			isa = PBXGroup;
			children = (
				182988961CE76E0200BC5272 /* PersonCell */,
				182988971CE76E0D00BC5272 /* ProjectCell */,
			);
			name = Cells;
			sourceTree = "<group>";
		};
		182988961CE76E0200BC5272 /* PersonCell */ = {
			isa = PBXGroup;
			children = (
				180D63671CF9F84000AAD93A /* ANPersonCell.swift */,
				182988831CE733D600BC5272 /* ANPersonInfoCell.swift */,
				184898541CF619B500EA2EC5 /* ANPersonAddProjectCell.swift */,
				182988851CE7347800BC5272 /* ANPersonProjectCell.swift */,
			);
			name = PersonCell;
			sourceTree = "<group>";
		};
		182988971CE76E0D00BC5272 /* ProjectCell */ = {
			isa = PBXGroup;
			children = (
				182988901CE76B5E00BC5272 /* ANProjectInfoTextCell.swift */,
				185B0B7B1CFF3C83002E8AA8 /* ANProjectAddPersonCell.swift */,
				182988921CE76B7000BC5272 /* ANProjectInfoProgressCell.swift */,
				182988941CE76B7B00BC5272 /* ANProjectInfoStateCell.swift */,
			);
			name = ProjectCell;
			sourceTree = "<group>";
		};
		18394D691DEB054C005367F3 /* Generated */ = {
			isa = PBXGroup;
			children = (
				18394D621DEB0527005367F3 /* Person+CoreDataProperties.swift */,
				18394D641DEB0527005367F3 /* Project+CoreDataProperties.swift */,
			);
			name = Generated;
			sourceTree = "<group>";
		};
		186B7C931D03266400C039C0 /* Chats feauture */ = {
			isa = PBXGroup;
			children = (
				186B7C8F1D0319AA00C039C0 /* ANLoginViewController.swift */,
				186B7C911D031F1300C039C0 /* ANSignUpViewController.swift */,
				186B7C941D03267900C039C0 /* ANUsersViewController.swift */,
				186B7CA01D03404B00C039C0 /* ANChatViewController.swift */,
				186B7CA41D0452E500C039C0 /* ANGroupInfoViewController.swift */,
			);
			name = "Chats feauture";
			sourceTree = "<group>";
		};
		18E032941D00BD65004E6371 /* Calendar Branch */ = {
			isa = PBXGroup;
			children = (
				185B0BA41CFF6E70002E8AA8 /* ANCalendarViewController.swift */,
				18E032951D00BD7F004E6371 /* ANProjectsForDateViewController.swift */,
			);
			name = "Calendar Branch";
			sourceTree = "<group>";
		};
		18E9818B1CFAE7EC002C390D /* Utils */ = {
			isa = PBXGroup;
			children = (
				18E981891CFAE535002C390D /* ANTextFieldsChecker.swift */,
				185B0B7D1CFF3E05002E8AA8 /* ANAnimator.swift */,
				185B0B791CFE112C002E8AA8 /* ANConfigurator.swift */,
				18D5B7CF1D0D4CF500CB5B01 /* Localizable.strings */,
			);
			name = Utils;
			sourceTree = "<group>";
		};
		C37C72206AD985304BFE68A2 /* Pods */ = {
			isa = PBXGroup;
			children = (
				4B6220E0DF4F1853631F8E9B /* Pods-Processus.debug.xcconfig */,
				73A8B6E5BE6165A0BA4FF65F /* Pods-Processus.release.xcconfig */,
			);
			name = Pods;
			sourceTree = "<group>";
		};
/* End PBXGroup section */

/* Begin PBXNativeTarget section */
		182988351CE4FA9D00BC5272 /* Processus */ = {
			isa = PBXNativeTarget;
			buildConfigurationList = 182988481CE4FA9D00BC5272 /* Build configuration list for PBXNativeTarget "Processus" */;
			buildPhases = (
				478172DE3EF2EDE130D5A7CE /* [CP] Check Pods Manifest.lock */,
				182988321CE4FA9D00BC5272 /* Sources */,
				182988331CE4FA9D00BC5272 /* Frameworks */,
				182988341CE4FA9D00BC5272 /* Resources */,
				D3D3DA3DD72E395110C6C37E /* [CP] Embed Pods Frameworks */,
				D2BD50E578BB3FE441AB4F4F /* [CP] Copy Pods Resources */,
				18D5B7C81D0C8E1400CB5B01 /* ShellScript */,
			);
			buildRules = (
			);
			dependencies = (
			);
			name = Processus;
			productName = Processus;
			productReference = 182988361CE4FA9D00BC5272 /* Processus.app */;
			productType = "com.apple.product-type.application";
		};
/* End PBXNativeTarget section */

/* Begin PBXProject section */
		1829882E1CE4FA9D00BC5272 /* Project object */ = {
			isa = PBXProject;
			attributes = {
				CLASSPREFIX = AN;
				LastSwiftUpdateCheck = 0730;
				LastUpgradeCheck = 0730;
				ORGANIZATIONNAME = "Anton Novoselov";
				TargetAttributes = {
					182988351CE4FA9D00BC5272 = {
						CreatedOnToolsVersion = 7.3;
						DevelopmentTeam = 358V8FBM3U;
						LastSwiftMigration = 0810;
						SystemCapabilities = {
							com.apple.Push = {
								enabled = 1;
							};
						};
					};
				};
			};
			buildConfigurationList = 182988311CE4FA9D00BC5272 /* Build configuration list for PBXProject "Processus" */;
			compatibilityVersion = "Xcode 3.2";
			developmentRegion = English;
			hasScannedForEncodings = 0;
			knownRegions = (
				en,
				Base,
			);
			mainGroup = 1829882D1CE4FA9D00BC5272;
			productRefGroup = 182988371CE4FA9D00BC5272 /* Products */;
			projectDirPath = "";
			projectRoot = "";
			targets = (
				182988351CE4FA9D00BC5272 /* Processus */,
			);
		};
/* End PBXProject section */

/* Begin PBXResourcesBuildPhase section */
		182988341CE4FA9D00BC5272 /* Resources */ = {
			isa = PBXResourcesBuildPhase;
			buildActionMask = 2147483647;
			files = (
				182988441CE4FA9D00BC5272 /* LaunchScreen.storyboard in Resources */,
				18D5B7CD1D0D4CF500CB5B01 /* Localizable.strings in Resources */,
				182988411CE4FA9D00BC5272 /* Assets.xcassets in Resources */,
				1829883F1CE4FA9D00BC5272 /* Main.storyboard in Resources */,
			);
			runOnlyForDeploymentPostprocessing = 0;
		};
/* End PBXResourcesBuildPhase section */

/* Begin PBXShellScriptBuildPhase section */
		18D5B7C81D0C8E1400CB5B01 /* ShellScript */ = {
			isa = PBXShellScriptBuildPhase;
			buildActionMask = 2147483647;
			files = (
			);
			inputPaths = (
			);
			outputPaths = (
			);
			runOnlyForDeploymentPostprocessing = 0;
			shellPath = /bin/sh;
			shellScript = "\"${PODS_ROOT}/Fabric/run\" 2342fff18263bccec612d2b7cb71b96ae031a1cd 83ffef7c03e06b05b58b9cb24dc8f4d41dc68d0128eb4cb32b5421d9faebbcfb";
		};
		478172DE3EF2EDE130D5A7CE /* [CP] Check Pods Manifest.lock */ = {
			isa = PBXShellScriptBuildPhase;
			buildActionMask = 2147483647;
			files = (
			);
			inputPaths = (
			);
			name = "[CP] Check Pods Manifest.lock";
			outputPaths = (
			);
			runOnlyForDeploymentPostprocessing = 0;
			shellPath = /bin/sh;
			shellScript = "diff \"${PODS_ROOT}/../Podfile.lock\" \"${PODS_ROOT}/Manifest.lock\" > /dev/null\nif [ $? != 0 ] ; then\n    # print error to STDERR\n    echo \"error: The sandbox is not in sync with the Podfile.lock. Run 'pod install' or update your CocoaPods installation.\" >&2\n    exit 1\nfi\n";
			showEnvVarsInLog = 0;
		};
		D2BD50E578BB3FE441AB4F4F /* [CP] Copy Pods Resources */ = {
			isa = PBXShellScriptBuildPhase;
			buildActionMask = 2147483647;
			files = (
			);
			inputPaths = (
			);
			name = "[CP] Copy Pods Resources";
			outputPaths = (
			);
			runOnlyForDeploymentPostprocessing = 0;
			shellPath = /bin/sh;
			shellScript = "\"${SRCROOT}/Pods/Target Support Files/Pods-Processus/Pods-Processus-resources.sh\"\n";
			showEnvVarsInLog = 0;
		};
		D3D3DA3DD72E395110C6C37E /* [CP] Embed Pods Frameworks */ = {
			isa = PBXShellScriptBuildPhase;
			buildActionMask = 2147483647;
			files = (
			);
			inputPaths = (
			);
			name = "[CP] Embed Pods Frameworks";
			outputPaths = (
			);
			runOnlyForDeploymentPostprocessing = 0;
			shellPath = /bin/sh;
			shellScript = "\"${SRCROOT}/Pods/Target Support Files/Pods-Processus/Pods-Processus-frameworks.sh\"\n";
			showEnvVarsInLog = 0;
		};
/* End PBXShellScriptBuildPhase section */

/* Begin PBXSourcesBuildPhase section */
		182988321CE4FA9D00BC5272 /* Sources */ = {
			isa = PBXSourcesBuildPhase;
			buildActionMask = 2147483647;
			files = (
				182988951CE76B7B00BC5272 /* ANProjectInfoStateCell.swift in Sources */,
				185B0BA51CFF6E71002E8AA8 /* ANCalendarViewController.swift in Sources */,
				1829887E1CE5167B00BC5272 /* ANTableViewFetchedResultsDelegate.swift in Sources */,
				184898551CF619B500EA2EC5 /* ANPersonAddProjectCell.swift in Sources */,
				18E9818A1CFAE535002C390D /* ANTextFieldsChecker.swift in Sources */,
				180D63681CF9F84000AAD93A /* ANPersonCell.swift in Sources */,
				18248E091D073CD900162633 /* ANFinishedProjetsViewController.swift in Sources */,
				184898571CF61F8E00EA2EC5 /* ANProjectSelectionViewController.swift in Sources */,
				18E032961D00BD7F004E6371 /* ANProjectsForDateViewController.swift in Sources */,
				182988821CE6743600BC5272 /* ANPersonDetailsViewController.swift in Sources */,
				1829883A1CE4FA9D00BC5272 /* AppDelegate.swift in Sources */,
				185B0B7A1CFE112C002E8AA8 /* ANConfigurator.swift in Sources */,
				182988701CE4FF7F00BC5272 /* ANDataManager.swift in Sources */,
				186B7C951D03267900C039C0 /* ANUsersViewController.swift in Sources */,
				186B7C921D031F1300C039C0 /* ANSignUpViewController.swift in Sources */,
				184898531CF60B8500EA2EC5 /* ANAddPersonViewController.swift in Sources */,
				186B7CA51D0452E500C039C0 /* ANGroupInfoViewController.swift in Sources */,
				185B0B7E1CFF3E05002E8AA8 /* ANAnimator.swift in Sources */,
				18394D661DEB0527005367F3 /* Person+CoreDataProperties.swift in Sources */,
				184F5FC61CF76878004DB11D /* ANEditProjectTableViewController.swift in Sources */,
				182988931CE76B7000BC5272 /* ANProjectInfoProgressCell.swift in Sources */,
				182988861CE7347800BC5272 /* ANPersonProjectCell.swift in Sources */,
				186B7C8E1D02EF6900C039C0 /* SweetAlert.swift in Sources */,
				1829888D1CE7547300BC5272 /* ANProjectsViewController.swift in Sources */,
				182988721CE502BF00BC5272 /* ANPeopleViewController.swift in Sources */,
				1829884D1CE4FB9400BC5272 /* Model.xcdatamodeld in Sources */,
				185B0B7C1CFF3C83002E8AA8 /* ANProjectAddPersonCell.swift in Sources */,
				18394D671DEB0527005367F3 /* Project+CoreDataClass.swift in Sources */,
				18394D681DEB0527005367F3 /* Project+CoreDataProperties.swift in Sources */,
				182988801CE516D000BC5272 /* ANTableViewFetchedResultsDisplayer.swift in Sources */,
				184898511CF4B4AA00EA2EC5 /* ANNewProjectTableViewController.swift in Sources */,
				186B7CA31D042D3500C039C0 /* ANPhotoAddingViewController.swift in Sources */,
				180D63621CF8B07F00AAD93A /* ANProjectDetailsViewController.swift in Sources */,
				186B7C901D0319AA00C039C0 /* ANLoginViewController.swift in Sources */,
				184F5FC81CF789F6004DB11D /* ANPeopleSelectionViewController.swift in Sources */,
				18394D651DEB0527005367F3 /* Person+CoreDataClass.swift in Sources */,
				182988911CE76B5E00BC5272 /* ANProjectInfoTextCell.swift in Sources */,
				186B7CA11D03404B00C039C0 /* ANChatViewController.swift in Sources */,
				182988841CE733D600BC5272 /* ANPersonInfoCell.swift in Sources */,
			);
			runOnlyForDeploymentPostprocessing = 0;
		};
/* End PBXSourcesBuildPhase section */

/* Begin PBXVariantGroup section */
		1829883D1CE4FA9D00BC5272 /* Main.storyboard */ = {
			isa = PBXVariantGroup;
			children = (
				1829883E1CE4FA9D00BC5272 /* Base */,
				18D5B7CB1D0D449200CB5B01 /* ru */,
			);
			name = Main.storyboard;
			sourceTree = "<group>";
		};
		182988421CE4FA9D00BC5272 /* LaunchScreen.storyboard */ = {
			isa = PBXVariantGroup;
			children = (
				182988431CE4FA9D00BC5272 /* Base */,
			);
			name = LaunchScreen.storyboard;
			sourceTree = "<group>";
		};
		18D5B7CF1D0D4CF500CB5B01 /* Localizable.strings */ = {
			isa = PBXVariantGroup;
			children = (
				18D5B7CE1D0D4CF500CB5B01 /* ru */,
				18D5B7D21D0D4D8000CB5B01 /* en */,
			);
			name = Localizable.strings;
			sourceTree = "<group>";
		};
/* End PBXVariantGroup section */

/* Begin XCBuildConfiguration section */
		182988461CE4FA9D00BC5272 /* Debug */ = {
			isa = XCBuildConfiguration;
			buildSettings = {
				ALWAYS_SEARCH_USER_PATHS = NO;
				CLANG_ANALYZER_NONNULL = YES;
				CLANG_CXX_LANGUAGE_STANDARD = "gnu++0x";
				CLANG_CXX_LIBRARY = "libc++";
				CLANG_ENABLE_MODULES = YES;
				CLANG_ENABLE_OBJC_ARC = YES;
				CLANG_WARN_BOOL_CONVERSION = YES;
				CLANG_WARN_CONSTANT_CONVERSION = YES;
				CLANG_WARN_DIRECT_OBJC_ISA_USAGE = YES_ERROR;
				CLANG_WARN_EMPTY_BODY = YES;
				CLANG_WARN_ENUM_CONVERSION = YES;
				CLANG_WARN_INT_CONVERSION = YES;
				CLANG_WARN_OBJC_ROOT_CLASS = YES_ERROR;
				CLANG_WARN_UNREACHABLE_CODE = YES;
				CLANG_WARN__DUPLICATE_METHOD_MATCH = YES;
				CODE_SIGN_IDENTITY = "iPhone Developer";
				"CODE_SIGN_IDENTITY[sdk=iphoneos*]" = "iPhone Developer";
				COPY_PHASE_STRIP = NO;
				DEBUG_INFORMATION_FORMAT = dwarf;
				ENABLE_STRICT_OBJC_MSGSEND = YES;
				ENABLE_TESTABILITY = YES;
				GCC_C_LANGUAGE_STANDARD = gnu99;
				GCC_DYNAMIC_NO_PIC = NO;
				GCC_NO_COMMON_BLOCKS = YES;
				GCC_OPTIMIZATION_LEVEL = 0;
				GCC_PREPROCESSOR_DEFINITIONS = (
					"DEBUG=1",
					"$(inherited)",
				);
				GCC_WARN_64_TO_32_BIT_CONVERSION = YES;
				GCC_WARN_ABOUT_RETURN_TYPE = YES_ERROR;
				GCC_WARN_UNDECLARED_SELECTOR = YES;
				GCC_WARN_UNINITIALIZED_AUTOS = YES_AGGRESSIVE;
				GCC_WARN_UNUSED_FUNCTION = YES;
				GCC_WARN_UNUSED_VARIABLE = YES;
				IPHONEOS_DEPLOYMENT_TARGET = 9.3;
				MTL_ENABLE_DEBUG_INFO = YES;
				ONLY_ACTIVE_ARCH = YES;
				SDKROOT = iphoneos;
				SWIFT_OPTIMIZATION_LEVEL = "-Onone";
				TARGETED_DEVICE_FAMILY = "1,2";
			};
			name = Debug;
		};
		182988471CE4FA9D00BC5272 /* Release */ = {
			isa = XCBuildConfiguration;
			buildSettings = {
				ALWAYS_SEARCH_USER_PATHS = NO;
				CLANG_ANALYZER_NONNULL = YES;
				CLANG_CXX_LANGUAGE_STANDARD = "gnu++0x";
				CLANG_CXX_LIBRARY = "libc++";
				CLANG_ENABLE_MODULES = YES;
				CLANG_ENABLE_OBJC_ARC = YES;
				CLANG_WARN_BOOL_CONVERSION = YES;
				CLANG_WARN_CONSTANT_CONVERSION = YES;
				CLANG_WARN_DIRECT_OBJC_ISA_USAGE = YES_ERROR;
				CLANG_WARN_EMPTY_BODY = YES;
				CLANG_WARN_ENUM_CONVERSION = YES;
				CLANG_WARN_INT_CONVERSION = YES;
				CLANG_WARN_OBJC_ROOT_CLASS = YES_ERROR;
				CLANG_WARN_UNREACHABLE_CODE = YES;
				CLANG_WARN__DUPLICATE_METHOD_MATCH = YES;
				CODE_SIGN_IDENTITY = "iPhone Developer";
				"CODE_SIGN_IDENTITY[sdk=iphoneos*]" = "iPhone Developer";
				COPY_PHASE_STRIP = NO;
				DEBUG_INFORMATION_FORMAT = "dwarf-with-dsym";
				ENABLE_NS_ASSERTIONS = NO;
				ENABLE_STRICT_OBJC_MSGSEND = YES;
				GCC_C_LANGUAGE_STANDARD = gnu99;
				GCC_NO_COMMON_BLOCKS = YES;
				GCC_WARN_64_TO_32_BIT_CONVERSION = YES;
				GCC_WARN_ABOUT_RETURN_TYPE = YES_ERROR;
				GCC_WARN_UNDECLARED_SELECTOR = YES;
				GCC_WARN_UNINITIALIZED_AUTOS = YES_AGGRESSIVE;
				GCC_WARN_UNUSED_FUNCTION = YES;
				GCC_WARN_UNUSED_VARIABLE = YES;
				IPHONEOS_DEPLOYMENT_TARGET = 9.3;
				MTL_ENABLE_DEBUG_INFO = NO;
				SDKROOT = iphoneos;
				TARGETED_DEVICE_FAMILY = "1,2";
				VALIDATE_PRODUCT = YES;
			};
			name = Release;
		};
		182988491CE4FA9D00BC5272 /* Debug */ = {
			isa = XCBuildConfiguration;
			baseConfigurationReference = 4B6220E0DF4F1853631F8E9B /* Pods-Processus.debug.xcconfig */;
			buildSettings = {
				ASSETCATALOG_COMPILER_APPICON_NAME = AppIcon;
				CODE_SIGN_IDENTITY = "iPhone Developer: nantog@gmail.com (T9AJNB68MF)";
				"CODE_SIGN_IDENTITY[sdk=iphoneos*]" = "iPhone Developer: nantog@gmail.com (T9AJNB68MF)";
				DEBUG_INFORMATION_FORMAT = "dwarf-with-dsym";
				EMBEDDED_CONTENT_CONTAINS_SWIFT = YES;
				INFOPLIST_FILE = Processus/Info.plist;
				IPHONEOS_DEPLOYMENT_TARGET = 9.0;
				LD_RUNPATH_SEARCH_PATHS = "$(inherited) @executable_path/Frameworks";
				PRODUCT_BUNDLE_IDENTIFIER = com.antonnovoselov.Processus;
				PRODUCT_NAME = "$(TARGET_NAME)";
				PROVISIONING_PROFILE = "";
				SWIFT_VERSION = 3.0;
			};
			name = Debug;
		};
		1829884A1CE4FA9D00BC5272 /* Release */ = {
			isa = XCBuildConfiguration;
			baseConfigurationReference = 73A8B6E5BE6165A0BA4FF65F /* Pods-Processus.release.xcconfig */;
			buildSettings = {
				ASSETCATALOG_COMPILER_APPICON_NAME = AppIcon;
				CODE_SIGN_IDENTITY = "iPhone Distribution: Anton Novoselov (358V8FBM3U)";
				"CODE_SIGN_IDENTITY[sdk=iphoneos*]" = "iPhone Distribution: Anton Novoselov (358V8FBM3U)";
				DEBUG_INFORMATION_FORMAT = "dwarf-with-dsym";
				EMBEDDED_CONTENT_CONTAINS_SWIFT = YES;
				INFOPLIST_FILE = Processus/Info.plist;
				IPHONEOS_DEPLOYMENT_TARGET = 9.0;
				LD_RUNPATH_SEARCH_PATHS = "$(inherited) @executable_path/Frameworks";
				PRODUCT_BUNDLE_IDENTIFIER = com.antonnovoselov.Processus;
				PRODUCT_NAME = "$(TARGET_NAME)";
				PROVISIONING_PROFILE = "";
				SWIFT_VERSION = 3.0;
			};
			name = Release;
		};
/* End XCBuildConfiguration section */

/* Begin XCConfigurationList section */
		182988311CE4FA9D00BC5272 /* Build configuration list for PBXProject "Processus" */ = {
			isa = XCConfigurationList;
			buildConfigurations = (
				182988461CE4FA9D00BC5272 /* Debug */,
				182988471CE4FA9D00BC5272 /* Release */,
			);
			defaultConfigurationIsVisible = 0;
			defaultConfigurationName = Release;
		};
		182988481CE4FA9D00BC5272 /* Build configuration list for PBXNativeTarget "Processus" */ = {
			isa = XCConfigurationList;
			buildConfigurations = (
				182988491CE4FA9D00BC5272 /* Debug */,
				1829884A1CE4FA9D00BC5272 /* Release */,
			);
			defaultConfigurationIsVisible = 0;
			defaultConfigurationName = Release;
		};
/* End XCConfigurationList section */

/* Begin XCVersionGroup section */
		1829884B1CE4FB9400BC5272 /* Model.xcdatamodeld */ = {
			isa = XCVersionGroup;
			children = (
				1829884C1CE4FB9400BC5272 /* Model.xcdatamodel */,
			);
			currentVersion = 1829884C1CE4FB9400BC5272 /* Model.xcdatamodel */;
			path = Model.xcdatamodeld;
			sourceTree = "<group>";
			versionGroupType = wrapper.xcdatamodel;
		};
/* End XCVersionGroup section */
	};
	rootObject = 1829882E1CE4FA9D00BC5272 /* Project object */;
}
